
Microsoft Visual Studio Solution File, Format Version 12.00
# Visual Studio Version 16
VisualStudioVersion = 16.0.30804.86
MinimumVisualStudioVersion = 10.0.40219.1
Project("{FAE04EC0-301F-11D3-BF4B-00C04F79EFBC}") = "Seven Strings V3", "Seven Strings V3\Seven Strings V3.csproj", "{1EEED32E-452B-4395-969E-9AA9C660C4C3}"
EndProject
Global
	GlobalSection(SolutionConfigurationPlatforms) = preSolution
		Debug|Any CPU = Debug|Any CPU
		Release|Any CPU = Release|Any CPU
	EndGlobalSection
	GlobalSection(ProjectConfigurationPlatforms) = postSolution
		{1EEED32E-452B-4395-969E-9AA9C660C4C3}.Debug|Any CPU.ActiveCfg = Debug|Any CPU
		{1EEED32E-452B-4395-969E-9AA9C660C4C3}.Debug|Any CPU.Build.0 = Debug|Any CPU
		{1EEED32E-452B-4395-969E-9AA9C660C4C3}.Release|Any CPU.ActiveCfg = Release|Any CPU
		{1EEED32E-452B-4395-969E-9AA9C660C4C3}.Release|Any CPU.Build.0 = Release|Any CPU
	EndGlobalSection
	GlobalSection(SolutionProperties) = preSolution
		HideSolutionNode = FALSE
	EndGlobalSection
	GlobalSection(ExtensibilityGlobals) = postSolution
		SolutionGuid = {727A2620-03B2-42EF-9C6E-A1E5AB575B04}
	EndGlobalSection
EndGlobal
