
Microsoft Visual Studio Solution File, Format Version 12.00
# Visual Studio Version 16
VisualStudioVersion = 16.0.30804.86
MinimumVisualStudioVersion = 10.0.40219.1
Project("{FAE04EC0-301F-11D3-BF4B-00C04F79EFBC}") = "Password Generator", "Password Generator\Password Generator.csproj", "{C8AD794B-837A-4000-891F-A440DF481D5C}"
EndProject
Global
	GlobalSection(SolutionConfigurationPlatforms) = preSolution
		Debug|Any CPU = Debug|Any CPU
		Release|Any CPU = Release|Any CPU
	EndGlobalSection
	GlobalSection(ProjectConfigurationPlatforms) = postSolution
		{C8AD794B-837A-4000-891F-A440DF481D5C}.Debug|Any CPU.ActiveCfg = Debug|Any CPU
		{C8AD794B-837A-4000-891F-A440DF481D5C}.Debug|Any CPU.Build.0 = Debug|Any CPU
		{C8AD794B-837A-4000-891F-A440DF481D5C}.Release|Any CPU.ActiveCfg = Release|Any CPU
		{C8AD794B-837A-4000-891F-A440DF481D5C}.Release|Any CPU.Build.0 = Release|Any CPU
	EndGlobalSection
	GlobalSection(SolutionProperties) = preSolution
		HideSolutionNode = FALSE
	EndGlobalSection
	GlobalSection(ExtensibilityGlobals) = postSolution
		SolutionGuid = {A728083A-C5B9-454E-8C37-FB17492E7D74}
	EndGlobalSection
EndGlobal
