
Microsoft Visual Studio Solution File, Format Version 12.00
# Visual Studio Version 16
VisualStudioVersion = 16.0.30804.86
MinimumVisualStudioVersion = 10.0.40219.1
Project("{FAE04EC0-301F-11D3-BF4B-00C04F79EFBC}") = "All Unit 1 Notes", "All Unit 1 Notes\All Unit 1 Notes.csproj", "{5248044B-DD37-4002-8DBA-A58FAAF3FDAD}"
EndProject
Global
	GlobalSection(SolutionConfigurationPlatforms) = preSolution
		Debug|Any CPU = Debug|Any CPU
		Release|Any CPU = Release|Any CPU
	EndGlobalSection
	GlobalSection(ProjectConfigurationPlatforms) = postSolution
		{5248044B-DD37-4002-8DBA-A58FAAF3FDAD}.Debug|Any CPU.ActiveCfg = Debug|Any CPU
		{5248044B-DD37-4002-8DBA-A58FAAF3FDAD}.Debug|Any CPU.Build.0 = Debug|Any CPU
		{5248044B-DD37-4002-8DBA-A58FAAF3FDAD}.Release|Any CPU.ActiveCfg = Release|Any CPU
		{5248044B-DD37-4002-8DBA-A58FAAF3FDAD}.Release|Any CPU.Build.0 = Release|Any CPU
	EndGlobalSection
	GlobalSection(SolutionProperties) = preSolution
		HideSolutionNode = FALSE
	EndGlobalSection
	GlobalSection(ExtensibilityGlobals) = postSolution
		SolutionGuid = {259F8429-FC5E-4AC4-B38C-B00DDA08C9BF}
	EndGlobalSection
EndGlobal
