
Microsoft Visual Studio Solution File, Format Version 12.00
# Visual Studio Version 16
VisualStudioVersion = 16.0.30804.86
MinimumVisualStudioVersion = 10.0.40219.1
Project("{FAE04EC0-301F-11D3-BF4B-00C04F79EFBC}") = "Overloaded Methods", "Overloaded Methods\Overloaded Methods.csproj", "{3B542765-4868-4E0C-9755-315BDCFC78CD}"
EndProject
Global
	GlobalSection(SolutionConfigurationPlatforms) = preSolution
		Debug|Any CPU = Debug|Any CPU
		Release|Any CPU = Release|Any CPU
	EndGlobalSection
	GlobalSection(ProjectConfigurationPlatforms) = postSolution
		{3B542765-4868-4E0C-9755-315BDCFC78CD}.Debug|Any CPU.ActiveCfg = Debug|Any CPU
		{3B542765-4868-4E0C-9755-315BDCFC78CD}.Debug|Any CPU.Build.0 = Debug|Any CPU
		{3B542765-4868-4E0C-9755-315BDCFC78CD}.Release|Any CPU.ActiveCfg = Release|Any CPU
		{3B542765-4868-4E0C-9755-315BDCFC78CD}.Release|Any CPU.Build.0 = Release|Any CPU
	EndGlobalSection
	GlobalSection(SolutionProperties) = preSolution
		HideSolutionNode = FALSE
	EndGlobalSection
	GlobalSection(ExtensibilityGlobals) = postSolution
		SolutionGuid = {407F6802-6B9A-420D-AEFB-61049D6DC9D0}
	EndGlobalSection
EndGlobal
