
Microsoft Visual Studio Solution File, Format Version 12.00
# Visual Studio Version 16
VisualStudioVersion = 16.0.30804.86
MinimumVisualStudioVersion = 10.0.40219.1
Project("{FAE04EC0-301F-11D3-BF4B-00C04F79EFBC}") = "Recursion Part 2", "Recursion Part 2\Recursion Part 2.csproj", "{16880241-42A6-4EED-B061-5152ED44E835}"
EndProject
Global
	GlobalSection(SolutionConfigurationPlatforms) = preSolution
		Debug|Any CPU = Debug|Any CPU
		Release|Any CPU = Release|Any CPU
	EndGlobalSection
	GlobalSection(ProjectConfigurationPlatforms) = postSolution
		{16880241-42A6-4EED-B061-5152ED44E835}.Debug|Any CPU.ActiveCfg = Debug|Any CPU
		{16880241-42A6-4EED-B061-5152ED44E835}.Debug|Any CPU.Build.0 = Debug|Any CPU
		{16880241-42A6-4EED-B061-5152ED44E835}.Release|Any CPU.ActiveCfg = Release|Any CPU
		{16880241-42A6-4EED-B061-5152ED44E835}.Release|Any CPU.Build.0 = Release|Any CPU
	EndGlobalSection
	GlobalSection(SolutionProperties) = preSolution
		HideSolutionNode = FALSE
	EndGlobalSection
	GlobalSection(ExtensibilityGlobals) = postSolution
		SolutionGuid = {0B216D10-6FAF-431B-9625-2D6433C0B9F7}
	EndGlobalSection
EndGlobal
