
Microsoft Visual Studio Solution File, Format Version 12.00
# Visual Studio Version 16
VisualStudioVersion = 16.0.30804.86
MinimumVisualStudioVersion = 10.0.40219.1
Project("{FAE04EC0-301F-11D3-BF4B-00C04F79EFBC}") = "While Loops", "While Loops\While Loops.csproj", "{46557485-750B-4A38-95D2-6A84B7A5D725}"
EndProject
Global
	GlobalSection(SolutionConfigurationPlatforms) = preSolution
		Debug|Any CPU = Debug|Any CPU
		Release|Any CPU = Release|Any CPU
	EndGlobalSection
	GlobalSection(ProjectConfigurationPlatforms) = postSolution
		{46557485-750B-4A38-95D2-6A84B7A5D725}.Debug|Any CPU.ActiveCfg = Debug|Any CPU
		{46557485-750B-4A38-95D2-6A84B7A5D725}.Debug|Any CPU.Build.0 = Debug|Any CPU
		{46557485-750B-4A38-95D2-6A84B7A5D725}.Release|Any CPU.ActiveCfg = Release|Any CPU
		{46557485-750B-4A38-95D2-6A84B7A5D725}.Release|Any CPU.Build.0 = Release|Any CPU
	EndGlobalSection
	GlobalSection(SolutionProperties) = preSolution
		HideSolutionNode = FALSE
	EndGlobalSection
	GlobalSection(ExtensibilityGlobals) = postSolution
		SolutionGuid = {0BC2CE66-3844-420D-B386-15BB2C3B1264}
	EndGlobalSection
EndGlobal
