
Microsoft Visual Studio Solution File, Format Version 12.00
# Visual Studio Version 16
VisualStudioVersion = 16.0.30804.86
MinimumVisualStudioVersion = 10.0.40219.1
Project("{FAE04EC0-301F-11D3-BF4B-00C04F79EFBC}") = "Text Adventure 5", "Text Adventure 5\Text Adventure 5.csproj", "{77CA5A50-4E39-453B-8813-7DA88D2E7132}"
EndProject
Global
	GlobalSection(SolutionConfigurationPlatforms) = preSolution
		Debug|Any CPU = Debug|Any CPU
		Release|Any CPU = Release|Any CPU
	EndGlobalSection
	GlobalSection(ProjectConfigurationPlatforms) = postSolution
		{77CA5A50-4E39-453B-8813-7DA88D2E7132}.Debug|Any CPU.ActiveCfg = Debug|Any CPU
		{77CA5A50-4E39-453B-8813-7DA88D2E7132}.Debug|Any CPU.Build.0 = Debug|Any CPU
		{77CA5A50-4E39-453B-8813-7DA88D2E7132}.Release|Any CPU.ActiveCfg = Release|Any CPU
		{77CA5A50-4E39-453B-8813-7DA88D2E7132}.Release|Any CPU.Build.0 = Release|Any CPU
	EndGlobalSection
	GlobalSection(SolutionProperties) = preSolution
		HideSolutionNode = FALSE
	EndGlobalSection
	GlobalSection(ExtensibilityGlobals) = postSolution
		SolutionGuid = {A3B6E24B-9700-485C-9BE0-B3D3EC75322C}
	EndGlobalSection
EndGlobal
