
Microsoft Visual Studio Solution File, Format Version 12.00
# Visual Studio Version 16
VisualStudioVersion = 16.0.30804.86
MinimumVisualStudioVersion = 10.0.40219.1
Project("{FAE04EC0-301F-11D3-BF4B-00C04F79EFBC}") = "Writing Static Methods", "Writing Static Methods\Writing Static Methods.csproj", "{DC6FE224-ED5D-4001-B346-DA52A9A25CD3}"
EndProject
Global
	GlobalSection(SolutionConfigurationPlatforms) = preSolution
		Debug|Any CPU = Debug|Any CPU
		Release|Any CPU = Release|Any CPU
	EndGlobalSection
	GlobalSection(ProjectConfigurationPlatforms) = postSolution
		{DC6FE224-ED5D-4001-B346-DA52A9A25CD3}.Debug|Any CPU.ActiveCfg = Debug|Any CPU
		{DC6FE224-ED5D-4001-B346-DA52A9A25CD3}.Debug|Any CPU.Build.0 = Debug|Any CPU
		{DC6FE224-ED5D-4001-B346-DA52A9A25CD3}.Release|Any CPU.ActiveCfg = Release|Any CPU
		{DC6FE224-ED5D-4001-B346-DA52A9A25CD3}.Release|Any CPU.Build.0 = Release|Any CPU
	EndGlobalSection
	GlobalSection(SolutionProperties) = preSolution
		HideSolutionNode = FALSE
	EndGlobalSection
	GlobalSection(ExtensibilityGlobals) = postSolution
		SolutionGuid = {80283F01-3A18-42E5-AA96-141FA1D2FD18}
	EndGlobalSection
EndGlobal
