
Microsoft Visual Studio Solution File, Format Version 12.00
# Visual Studio Version 16
VisualStudioVersion = 16.0.30804.86
MinimumVisualStudioVersion = 10.0.40219.1
Project("{FAE04EC0-301F-11D3-BF4B-00C04F79EFBC}") = "String Variable Notes", "String Variable Notes\String Variable Notes.csproj", "{6F0585A4-96FD-438E-8D96-E6B2D288AE9B}"
EndProject
Global
	GlobalSection(SolutionConfigurationPlatforms) = preSolution
		Debug|Any CPU = Debug|Any CPU
		Release|Any CPU = Release|Any CPU
	EndGlobalSection
	GlobalSection(ProjectConfigurationPlatforms) = postSolution
		{6F0585A4-96FD-438E-8D96-E6B2D288AE9B}.Debug|Any CPU.ActiveCfg = Debug|Any CPU
		{6F0585A4-96FD-438E-8D96-E6B2D288AE9B}.Debug|Any CPU.Build.0 = Debug|Any CPU
		{6F0585A4-96FD-438E-8D96-E6B2D288AE9B}.Release|Any CPU.ActiveCfg = Release|Any CPU
		{6F0585A4-96FD-438E-8D96-E6B2D288AE9B}.Release|Any CPU.Build.0 = Release|Any CPU
	EndGlobalSection
	GlobalSection(SolutionProperties) = preSolution
		HideSolutionNode = FALSE
	EndGlobalSection
	GlobalSection(ExtensibilityGlobals) = postSolution
		SolutionGuid = {6F8DA9D3-C164-43B7-A492-FA492985AF4E}
	EndGlobalSection
EndGlobal
