
Microsoft Visual Studio Solution File, Format Version 12.00
# Visual Studio Version 16
VisualStudioVersion = 16.0.30804.86
MinimumVisualStudioVersion = 10.0.40219.1
Project("{FAE04EC0-301F-11D3-BF4B-00C04F79EFBC}") = "Unit 6 Review", "Unit 6 Review\Unit 6 Review.csproj", "{13746311-37C3-4663-A0AB-05ED62925AD9}"
EndProject
Global
	GlobalSection(SolutionConfigurationPlatforms) = preSolution
		Debug|Any CPU = Debug|Any CPU
		Release|Any CPU = Release|Any CPU
	EndGlobalSection
	GlobalSection(ProjectConfigurationPlatforms) = postSolution
		{13746311-37C3-4663-A0AB-05ED62925AD9}.Debug|Any CPU.ActiveCfg = Debug|Any CPU
		{13746311-37C3-4663-A0AB-05ED62925AD9}.Debug|Any CPU.Build.0 = Debug|Any CPU
		{13746311-37C3-4663-A0AB-05ED62925AD9}.Release|Any CPU.ActiveCfg = Release|Any CPU
		{13746311-37C3-4663-A0AB-05ED62925AD9}.Release|Any CPU.Build.0 = Release|Any CPU
	EndGlobalSection
	GlobalSection(SolutionProperties) = preSolution
		HideSolutionNode = FALSE
	EndGlobalSection
	GlobalSection(ExtensibilityGlobals) = postSolution
		SolutionGuid = {972B2B58-5D53-497E-B7A5-037CB51A37ED}
	EndGlobalSection
EndGlobal
