
Microsoft Visual Studio Solution File, Format Version 12.00
# Visual Studio Version 16
VisualStudioVersion = 16.0.30804.86
MinimumVisualStudioVersion = 10.0.40219.1
Project("{FAE04EC0-301F-11D3-BF4B-00C04F79EFBC}") = "Foreach Loops", "Foreach Loops\Foreach Loops.csproj", "{CA67F006-AB22-4008-A713-6AE467D61E33}"
EndProject
Global
	GlobalSection(SolutionConfigurationPlatforms) = preSolution
		Debug|Any CPU = Debug|Any CPU
		Release|Any CPU = Release|Any CPU
	EndGlobalSection
	GlobalSection(ProjectConfigurationPlatforms) = postSolution
		{CA67F006-AB22-4008-A713-6AE467D61E33}.Debug|Any CPU.ActiveCfg = Debug|Any CPU
		{CA67F006-AB22-4008-A713-6AE467D61E33}.Debug|Any CPU.Build.0 = Debug|Any CPU
		{CA67F006-AB22-4008-A713-6AE467D61E33}.Release|Any CPU.ActiveCfg = Release|Any CPU
		{CA67F006-AB22-4008-A713-6AE467D61E33}.Release|Any CPU.Build.0 = Release|Any CPU
	EndGlobalSection
	GlobalSection(SolutionProperties) = preSolution
		HideSolutionNode = FALSE
	EndGlobalSection
	GlobalSection(ExtensibilityGlobals) = postSolution
		SolutionGuid = {008A8C58-69BC-487E-9BA1-EC1F0012EBDF}
	EndGlobalSection
EndGlobal
