
Microsoft Visual Studio Solution File, Format Version 12.00
# Visual Studio Version 16
VisualStudioVersion = 16.0.30804.86
MinimumVisualStudioVersion = 10.0.40219.1
Project("{FAE04EC0-301F-11D3-BF4B-00C04F79EFBC}") = "2D Arrays", "2D Arrays\2D Arrays.csproj", "{B813B1A2-DDCA-4BDE-ACC9-840D28669CD7}"
EndProject
Global
	GlobalSection(SolutionConfigurationPlatforms) = preSolution
		Debug|Any CPU = Debug|Any CPU
		Release|Any CPU = Release|Any CPU
	EndGlobalSection
	GlobalSection(ProjectConfigurationPlatforms) = postSolution
		{B813B1A2-DDCA-4BDE-ACC9-840D28669CD7}.Debug|Any CPU.ActiveCfg = Debug|Any CPU
		{B813B1A2-DDCA-4BDE-ACC9-840D28669CD7}.Debug|Any CPU.Build.0 = Debug|Any CPU
		{B813B1A2-DDCA-4BDE-ACC9-840D28669CD7}.Release|Any CPU.ActiveCfg = Release|Any CPU
		{B813B1A2-DDCA-4BDE-ACC9-840D28669CD7}.Release|Any CPU.Build.0 = Release|Any CPU
	EndGlobalSection
	GlobalSection(SolutionProperties) = preSolution
		HideSolutionNode = FALSE
	EndGlobalSection
	GlobalSection(ExtensibilityGlobals) = postSolution
		SolutionGuid = {1BBE2500-585A-401B-A7CD-32BC239EA9D4}
	EndGlobalSection
EndGlobal
