
Microsoft Visual Studio Solution File, Format Version 12.00
# Visual Studio Version 16
VisualStudioVersion = 16.0.30804.86
MinimumVisualStudioVersion = 10.0.40219.1
Project("{FAE04EC0-301F-11D3-BF4B-00C04F79EFBC}") = "Text Adventure 9", "Text Adventure 9\Text Adventure 9.csproj", "{69399A47-ABE3-46F4-9049-6F921692B262}"
EndProject
Global
	GlobalSection(SolutionConfigurationPlatforms) = preSolution
		Debug|Any CPU = Debug|Any CPU
		Release|Any CPU = Release|Any CPU
	EndGlobalSection
	GlobalSection(ProjectConfigurationPlatforms) = postSolution
		{69399A47-ABE3-46F4-9049-6F921692B262}.Debug|Any CPU.ActiveCfg = Debug|Any CPU
		{69399A47-ABE3-46F4-9049-6F921692B262}.Debug|Any CPU.Build.0 = Debug|Any CPU
		{69399A47-ABE3-46F4-9049-6F921692B262}.Release|Any CPU.ActiveCfg = Release|Any CPU
		{69399A47-ABE3-46F4-9049-6F921692B262}.Release|Any CPU.Build.0 = Release|Any CPU
	EndGlobalSection
	GlobalSection(SolutionProperties) = preSolution
		HideSolutionNode = FALSE
	EndGlobalSection
	GlobalSection(ExtensibilityGlobals) = postSolution
		SolutionGuid = {8A8C68A4-E23B-40B5-954E-17E97EFF88D7}
	EndGlobalSection
EndGlobal
