
Microsoft Visual Studio Solution File, Format Version 12.00
# Visual Studio Version 16
VisualStudioVersion = 16.0.30804.86
MinimumVisualStudioVersion = 10.0.40219.1
Project("{FAE04EC0-301F-11D3-BF4B-00C04F79EFBC}") = "Garage Program", "Garage Program\Garage Program.csproj", "{66EC42A3-4D2A-4B7F-8B8A-EACD66959BF3}"
EndProject
Global
	GlobalSection(SolutionConfigurationPlatforms) = preSolution
		Debug|Any CPU = Debug|Any CPU
		Release|Any CPU = Release|Any CPU
	EndGlobalSection
	GlobalSection(ProjectConfigurationPlatforms) = postSolution
		{66EC42A3-4D2A-4B7F-8B8A-EACD66959BF3}.Debug|Any CPU.ActiveCfg = Debug|Any CPU
		{66EC42A3-4D2A-4B7F-8B8A-EACD66959BF3}.Debug|Any CPU.Build.0 = Debug|Any CPU
		{66EC42A3-4D2A-4B7F-8B8A-EACD66959BF3}.Release|Any CPU.ActiveCfg = Release|Any CPU
		{66EC42A3-4D2A-4B7F-8B8A-EACD66959BF3}.Release|Any CPU.Build.0 = Release|Any CPU
	EndGlobalSection
	GlobalSection(SolutionProperties) = preSolution
		HideSolutionNode = FALSE
	EndGlobalSection
	GlobalSection(ExtensibilityGlobals) = postSolution
		SolutionGuid = {0EF7E41B-9CB6-43B9-9AFF-EC95EF6E8482}
	EndGlobalSection
EndGlobal
